
Microsoft Visual Studio Solution File, Format Version 12.00
# Visual Studio 15
Project("{FAE04EC0-301F-11D3-BF4B-00C04F79EFBC}") = "Unity.Recorder", "Unity.Recorder.csproj", "{5812F304-4E25-F9BE-F59D-B8ADC21DC57F}"
EndProject
Project("{FAE04EC0-301F-11D3-BF4B-00C04F79EFBC}") = "Assembly-CSharp", "Assembly-CSharp.csproj", "{664AA836-0CC0-43E9-A0E4-CA59356A053D}"
EndProject
Project("{FAE04EC0-301F-11D3-BF4B-00C04F79EFBC}") = "Unity.Recorder.Samples", "Unity.Recorder.Samples.csproj", "{19993665-A4A3-3E4E-4F96-AA6456B933F4}"
EndProject
Project("{FAE04EC0-301F-11D3-BF4B-00C04F79EFBC}") = "Unity.Recorder.Editor", "Unity.Recorder.Editor.csproj", "{D27F5124-C5BD-ABAD-65F4-294BE6CA58C1}"
EndProject
Global
	GlobalSection(SolutionConfigurationPlatforms) = preSolution
		Debug|Any CPU = Debug|Any CPU
		Release|Any CPU = Release|Any CPU
	EndGlobalSection
	GlobalSection(ProjectConfigurationPlatforms) = postSolution
		{5812F304-4E25-F9BE-F59D-B8ADC21DC57F}.Debug|Any CPU.ActiveCfg = Debug|Any CPU
		{5812F304-4E25-F9BE-F59D-B8ADC21DC57F}.Debug|Any CPU.Build.0 = Debug|Any CPU
		{5812F304-4E25-F9BE-F59D-B8ADC21DC57F}.Release|Any CPU.ActiveCfg = Release|Any CPU
		{5812F304-4E25-F9BE-F59D-B8ADC21DC57F}.Release|Any CPU.Build.0 = Release|Any CPU
		{664AA836-0CC0-43E9-A0E4-CA59356A053D}.Debug|Any CPU.ActiveCfg = Debug|Any CPU
		{664AA836-0CC0-43E9-A0E4-CA59356A053D}.Debug|Any CPU.Build.0 = Debug|Any CPU
		{664AA836-0CC0-43E9-A0E4-CA59356A053D}.Release|Any CPU.ActiveCfg = Release|Any CPU
		{664AA836-0CC0-43E9-A0E4-CA59356A053D}.Release|Any CPU.Build.0 = Release|Any CPU
		{19993665-A4A3-3E4E-4F96-AA6456B933F4}.Debug|Any CPU.ActiveCfg = Debug|Any CPU
		{19993665-A4A3-3E4E-4F96-AA6456B933F4}.Debug|Any CPU.Build.0 = Debug|Any CPU
		{19993665-A4A3-3E4E-4F96-AA6456B933F4}.Release|Any CPU.ActiveCfg = Release|Any CPU
		{19993665-A4A3-3E4E-4F96-AA6456B933F4}.Release|Any CPU.Build.0 = Release|Any CPU
		{D27F5124-C5BD-ABAD-65F4-294BE6CA58C1}.Debug|Any CPU.ActiveCfg = Debug|Any CPU
		{D27F5124-C5BD-ABAD-65F4-294BE6CA58C1}.Debug|Any CPU.Build.0 = Debug|Any CPU
		{D27F5124-C5BD-ABAD-65F4-294BE6CA58C1}.Release|Any CPU.ActiveCfg = Release|Any CPU
		{D27F5124-C5BD-ABAD-65F4-294BE6CA58C1}.Release|Any CPU.Build.0 = Release|Any CPU
	EndGlobalSection
	GlobalSection(SolutionProperties) = preSolution
		HideSolutionNode = FALSE
	EndGlobalSection
EndGlobal
